// !$*UTF8*$!
{
	archiveVersion = 1;
	classes = {
	};
	objectVersion = 77;
	objects = {

/* Begin PBXBuildFile section */
		6D77C2D62EF413C3005AEAE8 /* Assets.xcassets in Resources */ = {isa = PBXBuildFile; fileRef = 6D77C2D22EF413C3005AEAE8 /* Assets.xcassets */; };
		6D77C2D72EF413C3005AEAE8 /* ContentView.swift in Sources */ = {isa = PBXBuildFile; fileRef = 6D77C2D32EF413C3005AEAE8 /* ContentView.swift */; };
		6D77C2D82EF413C3005AEAE8 /* SwiftUI_Clean_Architecture_MVVMApp.swift in Sources */ = {isa = PBXBuildFile; fileRef = 6D77C2D42EF413C3005AEAE8 /* SwiftUI_Clean_Architecture_MVVMApp.swift */; };
		6D77C2E22EF414AA005AEAE8 /* AppDIContainer.swift in Sources */ = {isa = PBXBuildFile; fileRef = 6D77C2E12EF414AA005AEAE8 /* AppDIContainer.swift */; };
		6D77C2E42EF414CC005AEAE8 /* AppFlowCoordinator.swift in Sources */ = {isa = PBXBuildFile; fileRef = 6D77C2E32EF414CC005AEAE8 /* AppFlowCoordinator.swift */; };
		6D77C2ED2EF41C90005AEAE8 /* APIError.swift in Sources */ = {isa = PBXBuildFile; fileRef = 6D77C2EC2EF41C90005AEAE8 /* APIError.swift */; };
		6D77C2F02EF41D18005AEAE8 /* Alamofire in Frameworks */ = {isa = PBXBuildFile; productRef = 6D77C2EF2EF41D18005AEAE8 /* Alamofire */; };
		6D77C2F22EF41D26005AEAE8 /* Endpoint.swift in Sources */ = {isa = PBXBuildFile; fileRef = 6D77C2F12EF41D26005AEAE8 /* Endpoint.swift */; };
		6D77C2F42EF41D9B005AEAE8 /* APIClient.swift in Sources */ = {isa = PBXBuildFile; fileRef = 6D77C2F32EF41D9B005AEAE8 /* APIClient.swift */; };
		6D77C2F62EF4C640005AEAE8 /* CatPhoto.swift in Sources */ = {isa = PBXBuildFile; fileRef = 6D77C2F52EF4C640005AEAE8 /* CatPhoto.swift */; };
		6D77C2FE2EF4C750005AEAE8 /* FetchCatPhotoUseCase.swift in Sources */ = {isa = PBXBuildFile; fileRef = 6D77C2FD2EF4C750005AEAE8 /* FetchCatPhotoUseCase.swift */; };
		6D77C3012EF4C785005AEAE8 /* UseCase.swift in Sources */ = {isa = PBXBuildFile; fileRef = 6D77C3002EF4C785005AEAE8 /* UseCase.swift */; };
		6D77C3042EF4C7B5005AEAE8 /* Cancellable.swift in Sources */ = {isa = PBXBuildFile; fileRef = 6D77C3032EF4C7B5005AEAE8 /* Cancellable.swift */; };
		6D77C3062EF4C83F005AEAE8 /* CatPhotoRepository.swift in Sources */ = {isa = PBXBuildFile; fileRef = 6D77C3052EF4C83F005AEAE8 /* CatPhotoRepository.swift */; };
		6D77C3082EF4CADD005AEAE8 /* DefaultCatPhotoRepository.swift in Sources */ = {isa = PBXBuildFile; fileRef = 6D77C3072EF4CADD005AEAE8 /* DefaultCatPhotoRepository.swift */; };
		6D77C30A2EF4CB57005AEAE8 /* APIEndpoints.swift in Sources */ = {isa = PBXBuildFile; fileRef = 6D77C3092EF4CB57005AEAE8 /* APIEndpoints.swift */; };
		6D77C30C2EF4CB7E005AEAE8 /* CatPhotoRequestDTO+Mapping.swift in Sources */ = {isa = PBXBuildFile; fileRef = 6D77C30B2EF4CB7E005AEAE8 /* CatPhotoRequestDTO+Mapping.swift */; };
		6D77C30E2EF4CB87005AEAE8 /* CatPhotoResponseDTO+Mapping.swift in Sources */ = {isa = PBXBuildFile; fileRef = 6D77C30D2EF4CB87005AEAE8 /* CatPhotoResponseDTO+Mapping.swift */; };
		6D77C3112EF4D38F005AEAE8 /* CatPhotoViewModel.swift in Sources */ = {isa = PBXBuildFile; fileRef = 6D77C3102EF4D38F005AEAE8 /* CatPhotoViewModel.swift */; };
		6D77C3132EF4D6A1005AEAE8 /* CatPhotoView.swift in Sources */ = {isa = PBXBuildFile; fileRef = 6D77C3122EF4D6A1005AEAE8 /* CatPhotoView.swift */; };
		6D77C3182EF4DCA2005AEAE8 /* CatPhotoSceneDIContainer.swift in Sources */ = {isa = PBXBuildFile; fileRef = 6D77C3172EF4DCA2005AEAE8 /* CatPhotoSceneDIContainer.swift */; };
		6D77C3662EF50ED4005AEAE8 /* ImageDownsamplingManager.swift in Sources */ = {isa = PBXBuildFile; fileRef = 6D77C3652EF50ED4005AEAE8 /* ImageDownsamplingManager.swift */; };
		6D77C3682EF51816005AEAE8 /* SkeletonView.swift in Sources */ = {isa = PBXBuildFile; fileRef = 6D77C3672EF51816005AEAE8 /* SkeletonView.swift */; };
		6D77C37C2EF5270F005AEAE8 /* MainFlowCoordinator.swift in Sources */ = {isa = PBXBuildFile; fileRef = 6D77C37B2EF5270F005AEAE8 /* MainFlowCoordinator.swift */; };
		6D77C37E2EF52719005AEAE8 /* MainRoute.swift in Sources */ = {isa = PBXBuildFile; fileRef = 6D77C37D2EF52719005AEAE8 /* MainRoute.swift */; };
		6D77C3802EF5275C005AEAE8 /* MainView.swift in Sources */ = {isa = PBXBuildFile; fileRef = 6D77C37F2EF5275C005AEAE8 /* MainView.swift */; };
		6D77C3882EF52801005AEAE8 /* CatFeedView.swift in Sources */ = {isa = PBXBuildFile; fileRef = 6D77C3872EF52801005AEAE8 /* CatFeedView.swift */; };
		6D77C38A2EF5280A005AEAE8 /* CatFeedViewModel.swift in Sources */ = {isa = PBXBuildFile; fileRef = 6D77C3892EF5280A005AEAE8 /* CatFeedViewModel.swift */; };
		6D77C38C2EF5281E005AEAE8 /* MainViewActions.swift in Sources */ = {isa = PBXBuildFile; fileRef = 6D77C38B2EF5281E005AEAE8 /* MainViewActions.swift */; };
		6D77C3902EF529E4005AEAE8 /* EmptyView.swift in Sources */ = {isa = PBXBuildFile; fileRef = 6D77C38F2EF529E4005AEAE8 /* EmptyView.swift */; };
		6D77C3922EF52C3D005AEAE8 /* MainSceneDIContainer.swift in Sources */ = {isa = PBXBuildFile; fileRef = 6D77C3912EF52C3D005AEAE8 /* MainSceneDIContainer.swift */; };
		6D77C3942EF52D87005AEAE8 /* MainFlowRootView.swift in Sources */ = {isa = PBXBuildFile; fileRef = 6D77C3932EF52D87005AEAE8 /* MainFlowRootView.swift */; };
		6D77C3962EF5364E005AEAE8 /* CatFeed.swift in Sources */ = {isa = PBXBuildFile; fileRef = 6D77C3952EF5364E005AEAE8 /* CatFeed.swift */; };
		6D77C39A2EF536D8005AEAE8 /* CatFeedRequestDTO+Mapping.swift in Sources */ = {isa = PBXBuildFile; fileRef = 6D77C3992EF536D8005AEAE8 /* CatFeedRequestDTO+Mapping.swift */; };
		6D77C39C2EF536E5005AEAE8 /* CatFeedResponse+Mapping.swift in Sources */ = {isa = PBXBuildFile; fileRef = 6D77C39B2EF536E5005AEAE8 /* CatFeedResponse+Mapping.swift */; };
		6D77C39E2EF538A5005AEAE8 /* FetchCatFeedUseCase.swift in Sources */ = {isa = PBXBuildFile; fileRef = 6D77C39D2EF538A5005AEAE8 /* FetchCatFeedUseCase.swift */; };
		6D77C3A02EF53980005AEAE8 /* CatFeedRepository.swift in Sources */ = {isa = PBXBuildFile; fileRef = 6D77C39F2EF53980005AEAE8 /* CatFeedRepository.swift */; };
		6D77C3A22EF539E4005AEAE8 /* DefaultCatFeedRepository.swift in Sources */ = {isa = PBXBuildFile; fileRef = 6D77C3A12EF539E4005AEAE8 /* DefaultCatFeedRepository.swift */; };
		6D77C3A42EF53A60005AEAE8 /* CatFeedSceneDIContainer.swift in Sources */ = {isa = PBXBuildFile; fileRef = 6D77C3A32EF53A60005AEAE8 /* CatFeedSceneDIContainer.swift */; };
/* End PBXBuildFile section */

/* Begin PBXContainerItemProxy section */
		6D77C2B62EF40E20005AEAE8 /* PBXContainerItemProxy */ = {
			isa = PBXContainerItemProxy;
			containerPortal = 6D77C2A02EF40E1F005AEAE8 /* Project object */;
			proxyType = 1;
			remoteGlobalIDString = 6D77C2A72EF40E1F005AEAE8;
			remoteInfo = SwiftUI_Clean_Architecture_MVVM;
		};
		6D77C2C02EF40E20005AEAE8 /* PBXContainerItemProxy */ = {
			isa = PBXContainerItemProxy;
			containerPortal = 6D77C2A02EF40E1F005AEAE8 /* Project object */;
			proxyType = 1;
			remoteGlobalIDString = 6D77C2A72EF40E1F005AEAE8;
			remoteInfo = SwiftUI_Clean_Architecture_MVVM;
		};
/* End PBXContainerItemProxy section */

/* Begin PBXFileReference section */
		6D77C2A82EF40E1F005AEAE8 /* SwiftUI_Clean_Architecture_MVVM.app */ = {isa = PBXFileReference; explicitFileType = wrapper.application; includeInIndex = 0; path = SwiftUI_Clean_Architecture_MVVM.app; sourceTree = BUILT_PRODUCTS_DIR; };
		6D77C2B52EF40E20005AEAE8 /* SwiftUI_Clean_Architecture_MVVMTests.xctest */ = {isa = PBXFileReference; explicitFileType = wrapper.cfbundle; includeInIndex = 0; path = SwiftUI_Clean_Architecture_MVVMTests.xctest; sourceTree = BUILT_PRODUCTS_DIR; };
		6D77C2BF2EF40E20005AEAE8 /* SwiftUI_Clean_Architecture_MVVMUITests.xctest */ = {isa = PBXFileReference; explicitFileType = wrapper.cfbundle; includeInIndex = 0; path = SwiftUI_Clean_Architecture_MVVMUITests.xctest; sourceTree = BUILT_PRODUCTS_DIR; };
		6D77C2D22EF413C3005AEAE8 /* Assets.xcassets */ = {isa = PBXFileReference; lastKnownFileType = folder.assetcatalog; path = Assets.xcassets; sourceTree = "<group>"; };
		6D77C2D32EF413C3005AEAE8 /* ContentView.swift */ = {isa = PBXFileReference; lastKnownFileType = sourcecode.swift; path = ContentView.swift; sourceTree = "<group>"; };
		6D77C2D42EF413C3005AEAE8 /* SwiftUI_Clean_Architecture_MVVMApp.swift */ = {isa = PBXFileReference; lastKnownFileType = sourcecode.swift; path = SwiftUI_Clean_Architecture_MVVMApp.swift; sourceTree = "<group>"; };
		6D77C2E12EF414AA005AEAE8 /* AppDIContainer.swift */ = {isa = PBXFileReference; lastKnownFileType = sourcecode.swift; path = AppDIContainer.swift; sourceTree = "<group>"; };
		6D77C2E32EF414CC005AEAE8 /* AppFlowCoordinator.swift */ = {isa = PBXFileReference; lastKnownFileType = sourcecode.swift; path = AppFlowCoordinator.swift; sourceTree = "<group>"; };
		6D77C2EC2EF41C90005AEAE8 /* APIError.swift */ = {isa = PBXFileReference; lastKnownFileType = sourcecode.swift; path = APIError.swift; sourceTree = "<group>"; };
		6D77C2F12EF41D26005AEAE8 /* Endpoint.swift */ = {isa = PBXFileReference; lastKnownFileType = sourcecode.swift; path = Endpoint.swift; sourceTree = "<group>"; };
		6D77C2F32EF41D9B005AEAE8 /* APIClient.swift */ = {isa = PBXFileReference; lastKnownFileType = sourcecode.swift; path = APIClient.swift; sourceTree = "<group>"; };
		6D77C2F52EF4C640005AEAE8 /* CatPhoto.swift */ = {isa = PBXFileReference; lastKnownFileType = sourcecode.swift; path = CatPhoto.swift; sourceTree = "<group>"; };
		6D77C2FD2EF4C750005AEAE8 /* FetchCatPhotoUseCase.swift */ = {isa = PBXFileReference; lastKnownFileType = sourcecode.swift; path = FetchCatPhotoUseCase.swift; sourceTree = "<group>"; };
		6D77C3002EF4C785005AEAE8 /* UseCase.swift */ = {isa = PBXFileReference; lastKnownFileType = sourcecode.swift; path = UseCase.swift; sourceTree = "<group>"; };
		6D77C3032EF4C7B5005AEAE8 /* Cancellable.swift */ = {isa = PBXFileReference; lastKnownFileType = sourcecode.swift; path = Cancellable.swift; sourceTree = "<group>"; };
		6D77C3052EF4C83F005AEAE8 /* CatPhotoRepository.swift */ = {isa = PBXFileReference; lastKnownFileType = sourcecode.swift; path = CatPhotoRepository.swift; sourceTree = "<group>"; };
		6D77C3072EF4CADD005AEAE8 /* DefaultCatPhotoRepository.swift */ = {isa = PBXFileReference; lastKnownFileType = sourcecode.swift; path = DefaultCatPhotoRepository.swift; sourceTree = "<group>"; };
		6D77C3092EF4CB57005AEAE8 /* APIEndpoints.swift */ = {isa = PBXFileReference; lastKnownFileType = sourcecode.swift; path = APIEndpoints.swift; sourceTree = "<group>"; };
		6D77C30B2EF4CB7E005AEAE8 /* CatPhotoRequestDTO+Mapping.swift */ = {isa = PBXFileReference; lastKnownFileType = sourcecode.swift; path = "CatPhotoRequestDTO+Mapping.swift"; sourceTree = "<group>"; };
		6D77C30D2EF4CB87005AEAE8 /* CatPhotoResponseDTO+Mapping.swift */ = {isa = PBXFileReference; lastKnownFileType = sourcecode.swift; path = "CatPhotoResponseDTO+Mapping.swift"; sourceTree = "<group>"; };
		6D77C3102EF4D38F005AEAE8 /* CatPhotoViewModel.swift */ = {isa = PBXFileReference; lastKnownFileType = sourcecode.swift; path = CatPhotoViewModel.swift; sourceTree = "<group>"; };
		6D77C3122EF4D6A1005AEAE8 /* CatPhotoView.swift */ = {isa = PBXFileReference; lastKnownFileType = sourcecode.swift; path = CatPhotoView.swift; sourceTree = "<group>"; };
		6D77C3172EF4DCA2005AEAE8 /* CatPhotoSceneDIContainer.swift */ = {isa = PBXFileReference; lastKnownFileType = sourcecode.swift; path = CatPhotoSceneDIContainer.swift; sourceTree = "<group>"; };
		6D77C3652EF50ED4005AEAE8 /* ImageDownsamplingManager.swift */ = {isa = PBXFileReference; lastKnownFileType = sourcecode.swift; path = ImageDownsamplingManager.swift; sourceTree = "<group>"; };
		6D77C3672EF51816005AEAE8 /* SkeletonView.swift */ = {isa = PBXFileReference; lastKnownFileType = sourcecode.swift; path = SkeletonView.swift; sourceTree = "<group>"; };
		6D77C37B2EF5270F005AEAE8 /* MainFlowCoordinator.swift */ = {isa = PBXFileReference; lastKnownFileType = sourcecode.swift; path = MainFlowCoordinator.swift; sourceTree = "<group>"; };
		6D77C37D2EF52719005AEAE8 /* MainRoute.swift */ = {isa = PBXFileReference; lastKnownFileType = sourcecode.swift; path = MainRoute.swift; sourceTree = "<group>"; };
		6D77C37F2EF5275C005AEAE8 /* MainView.swift */ = {isa = PBXFileReference; lastKnownFileType = sourcecode.swift; path = MainView.swift; sourceTree = "<group>"; };
		6D77C3872EF52801005AEAE8 /* CatFeedView.swift */ = {isa = PBXFileReference; lastKnownFileType = sourcecode.swift; path = CatFeedView.swift; sourceTree = "<group>"; };
		6D77C3892EF5280A005AEAE8 /* CatFeedViewModel.swift */ = {isa = PBXFileReference; lastKnownFileType = sourcecode.swift; path = CatFeedViewModel.swift; sourceTree = "<group>"; };
		6D77C38B2EF5281E005AEAE8 /* MainViewActions.swift */ = {isa = PBXFileReference; lastKnownFileType = sourcecode.swift; path = MainViewActions.swift; sourceTree = "<group>"; };
		6D77C38F2EF529E4005AEAE8 /* EmptyView.swift */ = {isa = PBXFileReference; lastKnownFileType = sourcecode.swift; path = EmptyView.swift; sourceTree = "<group>"; };
		6D77C3912EF52C3D005AEAE8 /* MainSceneDIContainer.swift */ = {isa = PBXFileReference; lastKnownFileType = sourcecode.swift; path = MainSceneDIContainer.swift; sourceTree = "<group>"; };
		6D77C3932EF52D87005AEAE8 /* MainFlowRootView.swift */ = {isa = PBXFileReference; lastKnownFileType = sourcecode.swift; path = MainFlowRootView.swift; sourceTree = "<group>"; };
		6D77C3952EF5364E005AEAE8 /* CatFeed.swift */ = {isa = PBXFileReference; lastKnownFileType = sourcecode.swift; path = CatFeed.swift; sourceTree = "<group>"; };
		6D77C3992EF536D8005AEAE8 /* CatFeedRequestDTO+Mapping.swift */ = {isa = PBXFileReference; lastKnownFileType = sourcecode.swift; path = "CatFeedRequestDTO+Mapping.swift"; sourceTree = "<group>"; };
		6D77C39B2EF536E5005AEAE8 /* CatFeedResponse+Mapping.swift */ = {isa = PBXFileReference; lastKnownFileType = sourcecode.swift; path = "CatFeedResponse+Mapping.swift"; sourceTree = "<group>"; };
		6D77C39D2EF538A5005AEAE8 /* FetchCatFeedUseCase.swift */ = {isa = PBXFileReference; lastKnownFileType = sourcecode.swift; path = FetchCatFeedUseCase.swift; sourceTree = "<group>"; };
		6D77C39F2EF53980005AEAE8 /* CatFeedRepository.swift */ = {isa = PBXFileReference; lastKnownFileType = sourcecode.swift; path = CatFeedRepository.swift; sourceTree = "<group>"; };
		6D77C3A12EF539E4005AEAE8 /* DefaultCatFeedRepository.swift */ = {isa = PBXFileReference; lastKnownFileType = sourcecode.swift; path = DefaultCatFeedRepository.swift; sourceTree = "<group>"; };
		6D77C3A32EF53A60005AEAE8 /* CatFeedSceneDIContainer.swift */ = {isa = PBXFileReference; lastKnownFileType = sourcecode.swift; path = CatFeedSceneDIContainer.swift; sourceTree = "<group>"; };
/* End PBXFileReference section */

/* Begin PBXFileSystemSynchronizedRootGroup section */
		6D77C2B82EF40E20005AEAE8 /* SwiftUI_Clean_Architecture_MVVMTests */ = {
			isa = PBXFileSystemSynchronizedRootGroup;
			path = SwiftUI_Clean_Architecture_MVVMTests;
			sourceTree = "<group>";
		};
		6D77C2C22EF40E20005AEAE8 /* SwiftUI_Clean_Architecture_MVVMUITests */ = {
			isa = PBXFileSystemSynchronizedRootGroup;
			path = SwiftUI_Clean_Architecture_MVVMUITests;
			sourceTree = "<group>";
		};
/* End PBXFileSystemSynchronizedRootGroup section */

/* Begin PBXFrameworksBuildPhase section */
		6D77C2A52EF40E1F005AEAE8 /* Frameworks */ = {
			isa = PBXFrameworksBuildPhase;
			buildActionMask = 2147483647;
			files = (
				6D77C2F02EF41D18005AEAE8 /* Alamofire in Frameworks */,
			);
			runOnlyForDeploymentPostprocessing = 0;
		};
		6D77C2B22EF40E20005AEAE8 /* Frameworks */ = {
			isa = PBXFrameworksBuildPhase;
			buildActionMask = 2147483647;
			files = (
			);
			runOnlyForDeploymentPostprocessing = 0;
		};
		6D77C2BC2EF40E20005AEAE8 /* Frameworks */ = {
			isa = PBXFrameworksBuildPhase;
			buildActionMask = 2147483647;
			files = (
			);
			runOnlyForDeploymentPostprocessing = 0;
		};
/* End PBXFrameworksBuildPhase section */

/* Begin PBXGroup section */
		6D77C29F2EF40E1F005AEAE8 = {
			isa = PBXGroup;
			children = (
				6D77C2D52EF413C3005AEAE8 /* SwiftUI_Clean_Architecture_MVVM */,
				6D77C2B82EF40E20005AEAE8 /* SwiftUI_Clean_Architecture_MVVMTests */,
				6D77C2C22EF40E20005AEAE8 /* SwiftUI_Clean_Architecture_MVVMUITests */,
				6D77C2A92EF40E1F005AEAE8 /* Products */,
			);
			sourceTree = "<group>";
		};
		6D77C2A92EF40E1F005AEAE8 /* Products */ = {
			isa = PBXGroup;
			children = (
				6D77C2A82EF40E1F005AEAE8 /* SwiftUI_Clean_Architecture_MVVM.app */,
				6D77C2B52EF40E20005AEAE8 /* SwiftUI_Clean_Architecture_MVVMTests.xctest */,
				6D77C2BF2EF40E20005AEAE8 /* SwiftUI_Clean_Architecture_MVVMUITests.xctest */,
			);
			name = Products;
			sourceTree = "<group>";
		};
		6D77C2D52EF413C3005AEAE8 /* SwiftUI_Clean_Architecture_MVVM */ = {
			isa = PBXGroup;
			children = (
				6D77C2DE2EF413EB005AEAE8 /* App */,
				6D77C2D92EF413C8005AEAE8 /* Presentation */,
				6D77C2DB2EF413D8005AEAE8 /* Domain */,
				6D77C2DD2EF413E8005AEAE8 /* Data */,
				6D77C2E82EF41C6F005AEAE8 /* Infrastructure */,
				6D77C3022EF4C7A5005AEAE8 /* Common */,
				6D77C2DF2EF41426005AEAE8 /* Resources */,
			);
			path = SwiftUI_Clean_Architecture_MVVM;
			sourceTree = "<group>";
		};
		6D77C2D92EF413C8005AEAE8 /* Presentation */ = {
			isa = PBXGroup;
			children = (
				6D77C37A2EF526F2005AEAE8 /* Flows */,
				6D77C3752EF52477005AEAE8 /* MainView */,
				6D77C30F2EF4D375005AEAE8 /* CatPhotoView */,
				6D77C3862EF527F2005AEAE8 /* CatFeedView */,
			);
			path = Presentation;
			sourceTree = "<group>";
		};
		6D77C2DB2EF413D8005AEAE8 /* Domain */ = {
			isa = PBXGroup;
			children = (
				6D77C2E52EF416E1005AEAE8 /* Entities */,
				6D77C2F72EF4C66D005AEAE8 /* UseCases */,
				6D77C2F82EF4C676005AEAE8 /* Repositories */,
			);
			path = Domain;
			sourceTree = "<group>";
		};
		6D77C2DD2EF413E8005AEAE8 /* Data */ = {
			isa = PBXGroup;
			children = (
				6D77C2FB2EF4C6D8005AEAE8 /* Network */,
				6D77C2FA2EF4C69E005AEAE8 /* Cache */,
				6D77C2F92EF4C694005AEAE8 /* Repositories */,
			);
			path = Data;
			sourceTree = "<group>";
		};
		6D77C2DE2EF413EB005AEAE8 /* App */ = {
			isa = PBXGroup;
			children = (
				6D77C2E32EF414CC005AEAE8 /* AppFlowCoordinator.swift */,
				6D77C2D42EF413C3005AEAE8 /* SwiftUI_Clean_Architecture_MVVMApp.swift */,
				6D77C3932EF52D87005AEAE8 /* MainFlowRootView.swift */,
				6D77C2E02EF4145D005AEAE8 /* DIContainer */,
			);
			path = App;
			sourceTree = "<group>";
		};
		6D77C2DF2EF41426005AEAE8 /* Resources */ = {
			isa = PBXGroup;
			children = (
				6D77C2D22EF413C3005AEAE8 /* Assets.xcassets */,
				6D77C2D32EF413C3005AEAE8 /* ContentView.swift */,
			);
			path = Resources;
			sourceTree = "<group>";
		};
		6D77C2E02EF4145D005AEAE8 /* DIContainer */ = {
			isa = PBXGroup;
			children = (
				6D77C2E12EF414AA005AEAE8 /* AppDIContainer.swift */,
				6D77C3912EF52C3D005AEAE8 /* MainSceneDIContainer.swift */,
				6D77C3172EF4DCA2005AEAE8 /* CatPhotoSceneDIContainer.swift */,
				6D77C3A32EF53A60005AEAE8 /* CatFeedSceneDIContainer.swift */,
			);
			path = DIContainer;
			sourceTree = "<group>";
		};
		6D77C2E52EF416E1005AEAE8 /* Entities */ = {
			isa = PBXGroup;
			children = (
				6D77C2F52EF4C640005AEAE8 /* CatPhoto.swift */,
				6D77C3952EF5364E005AEAE8 /* CatFeed.swift */,
			);
			path = Entities;
			sourceTree = "<group>";
		};
		6D77C2E82EF41C6F005AEAE8 /* Infrastructure */ = {
			isa = PBXGroup;
			children = (
				6D77C2EB2EF41C82005AEAE8 /* Network */,
			);
			path = Infrastructure;
			sourceTree = "<group>";
		};
		6D77C2EB2EF41C82005AEAE8 /* Network */ = {
			isa = PBXGroup;
			children = (
				6D77C2EC2EF41C90005AEAE8 /* APIError.swift */,
				6D77C2F12EF41D26005AEAE8 /* Endpoint.swift */,
				6D77C2F32EF41D9B005AEAE8 /* APIClient.swift */,
			);
			path = Network;
			sourceTree = "<group>";
		};
		6D77C2F72EF4C66D005AEAE8 /* UseCases */ = {
			isa = PBXGroup;
			children = (
				6D77C2FD2EF4C750005AEAE8 /* FetchCatPhotoUseCase.swift */,
				6D77C39D2EF538A5005AEAE8 /* FetchCatFeedUseCase.swift */,
				6D77C2FF2EF4C76F005AEAE8 /* Protocol */,
			);
			path = UseCases;
			sourceTree = "<group>";
		};
		6D77C2F82EF4C676005AEAE8 /* Repositories */ = {
			isa = PBXGroup;
			children = (
				6D77C3052EF4C83F005AEAE8 /* CatPhotoRepository.swift */,
				6D77C39F2EF53980005AEAE8 /* CatFeedRepository.swift */,
			);
			path = Repositories;
			sourceTree = "<group>";
		};
		6D77C2F92EF4C694005AEAE8 /* Repositories */ = {
			isa = PBXGroup;
			children = (
				6D77C3072EF4CADD005AEAE8 /* DefaultCatPhotoRepository.swift */,
				6D77C3A12EF539E4005AEAE8 /* DefaultCatFeedRepository.swift */,
			);
			path = Repositories;
			sourceTree = "<group>";
		};
		6D77C2FA2EF4C69E005AEAE8 /* Cache */ = {
			isa = PBXGroup;
			children = (
			);
			path = Cache;
			sourceTree = "<group>";
		};
		6D77C2FB2EF4C6D8005AEAE8 /* Network */ = {
			isa = PBXGroup;
			children = (
				6D77C2FC2EF4C6E3005AEAE8 /* DataMapping */,
				6D77C3092EF4CB57005AEAE8 /* APIEndpoints.swift */,
			);
			path = Network;
			sourceTree = "<group>";
		};
		6D77C2FC2EF4C6E3005AEAE8 /* DataMapping */ = {
			isa = PBXGroup;
			children = (
				6D77C3982EF536C5005AEAE8 /* CatFeedDTO */,
				6D77C3972EF5369D005AEAE8 /* CatPhotoDTO */,
			);
			path = DataMapping;
			sourceTree = "<group>";
		};
		6D77C2FF2EF4C76F005AEAE8 /* Protocol */ = {
			isa = PBXGroup;
			children = (
				6D77C3002EF4C785005AEAE8 /* UseCase.swift */,
			);
			path = Protocol;
			sourceTree = "<group>";
		};
		6D77C3022EF4C7A5005AEAE8 /* Common */ = {
			isa = PBXGroup;
			children = (
				6D77C3032EF4C7B5005AEAE8 /* Cancellable.swift */,
				6D77C3652EF50ED4005AEAE8 /* ImageDownsamplingManager.swift */,
				6D77C3672EF51816005AEAE8 /* SkeletonView.swift */,
				6D77C38F2EF529E4005AEAE8 /* EmptyView.swift */,
			);
			path = Common;
			sourceTree = "<group>";
		};
		6D77C30F2EF4D375005AEAE8 /* CatPhotoView */ = {
			isa = PBXGroup;
			children = (
				6D77C3122EF4D6A1005AEAE8 /* CatPhotoView.swift */,
				6D77C3102EF4D38F005AEAE8 /* CatPhotoViewModel.swift */,
			);
			path = CatPhotoView;
			sourceTree = "<group>";
		};
		6D77C3752EF52477005AEAE8 /* MainView */ = {
			isa = PBXGroup;
			children = (
				6D77C37F2EF5275C005AEAE8 /* MainView.swift */,
			);
			path = MainView;
			sourceTree = "<group>";
		};
		6D77C37A2EF526F2005AEAE8 /* Flows */ = {
			isa = PBXGroup;
			children = (
				6D77C37B2EF5270F005AEAE8 /* MainFlowCoordinator.swift */,
				6D77C37D2EF52719005AEAE8 /* MainRoute.swift */,
				6D77C38B2EF5281E005AEAE8 /* MainViewActions.swift */,
			);
			path = Flows;
			sourceTree = "<group>";
		};
		6D77C3862EF527F2005AEAE8 /* CatFeedView */ = {
			isa = PBXGroup;
			children = (
				6D77C3872EF52801005AEAE8 /* CatFeedView.swift */,
				6D77C3892EF5280A005AEAE8 /* CatFeedViewModel.swift */,
			);
			path = CatFeedView;
			sourceTree = "<group>";
		};
		6D77C3972EF5369D005AEAE8 /* CatPhotoDTO */ = {
			isa = PBXGroup;
			children = (
				6D77C30B2EF4CB7E005AEAE8 /* CatPhotoRequestDTO+Mapping.swift */,
				6D77C30D2EF4CB87005AEAE8 /* CatPhotoResponseDTO+Mapping.swift */,
			);
			path = CatPhotoDTO;
			sourceTree = "<group>";
		};
		6D77C3982EF536C5005AEAE8 /* CatFeedDTO */ = {
			isa = PBXGroup;
			children = (
				6D77C3992EF536D8005AEAE8 /* CatFeedRequestDTO+Mapping.swift */,
				6D77C39B2EF536E5005AEAE8 /* CatFeedResponse+Mapping.swift */,
			);
			path = CatFeedDTO;
			sourceTree = "<group>";
		};
/* End PBXGroup section */

/* Begin PBXNativeTarget section */
		6D77C2A72EF40E1F005AEAE8 /* SwiftUI_Clean_Architecture_MVVM */ = {
			isa = PBXNativeTarget;
			buildConfigurationList = 6D77C2C92EF40E20005AEAE8 /* Build configuration list for PBXNativeTarget "SwiftUI_Clean_Architecture_MVVM" */;
			buildPhases = (
				6D77C2A42EF40E1F005AEAE8 /* Sources */,
				6D77C2A52EF40E1F005AEAE8 /* Frameworks */,
				6D77C2A62EF40E1F005AEAE8 /* Resources */,
			);
			buildRules = (
			);
			dependencies = (
			);
			name = SwiftUI_Clean_Architecture_MVVM;
			packageProductDependencies = (
				6D77C2EF2EF41D18005AEAE8 /* Alamofire */,
			);
			productName = SwiftUI_Clean_Architecture_MVVM;
			productReference = 6D77C2A82EF40E1F005AEAE8 /* SwiftUI_Clean_Architecture_MVVM.app */;
			productType = "com.apple.product-type.application";
		};
		6D77C2B42EF40E20005AEAE8 /* SwiftUI_Clean_Architecture_MVVMTests */ = {
			isa = PBXNativeTarget;
			buildConfigurationList = 6D77C2CC2EF40E20005AEAE8 /* Build configuration list for PBXNativeTarget "SwiftUI_Clean_Architecture_MVVMTests" */;
			buildPhases = (
				6D77C2B12EF40E20005AEAE8 /* Sources */,
				6D77C2B22EF40E20005AEAE8 /* Frameworks */,
				6D77C2B32EF40E20005AEAE8 /* Resources */,
			);
			buildRules = (
			);
			dependencies = (
				6D77C2B72EF40E20005AEAE8 /* PBXTargetDependency */,
			);
			fileSystemSynchronizedGroups = (
				6D77C2B82EF40E20005AEAE8 /* SwiftUI_Clean_Architecture_MVVMTests */,
			);
			name = SwiftUI_Clean_Architecture_MVVMTests;
			packageProductDependencies = (
			);
			productName = SwiftUI_Clean_Architecture_MVVMTests;
			productReference = 6D77C2B52EF40E20005AEAE8 /* SwiftUI_Clean_Architecture_MVVMTests.xctest */;
			productType = "com.apple.product-type.bundle.unit-test";
		};
		6D77C2BE2EF40E20005AEAE8 /* SwiftUI_Clean_Architecture_MVVMUITests */ = {
			isa = PBXNativeTarget;
			buildConfigurationList = 6D77C2CF2EF40E20005AEAE8 /* Build configuration list for PBXNativeTarget "SwiftUI_Clean_Architecture_MVVMUITests" */;
			buildPhases = (
				6D77C2BB2EF40E20005AEAE8 /* Sources */,
				6D77C2BC2EF40E20005AEAE8 /* Frameworks */,
				6D77C2BD2EF40E20005AEAE8 /* Resources */,
			);
			buildRules = (
			);
			dependencies = (
				6D77C2C12EF40E20005AEAE8 /* PBXTargetDependency */,
			);
			fileSystemSynchronizedGroups = (
				6D77C2C22EF40E20005AEAE8 /* SwiftUI_Clean_Architecture_MVVMUITests */,
			);
			name = SwiftUI_Clean_Architecture_MVVMUITests;
			packageProductDependencies = (
			);
			productName = SwiftUI_Clean_Architecture_MVVMUITests;
			productReference = 6D77C2BF2EF40E20005AEAE8 /* SwiftUI_Clean_Architecture_MVVMUITests.xctest */;
			productType = "com.apple.product-type.bundle.ui-testing";
		};
/* End PBXNativeTarget section */

/* Begin PBXProject section */
		6D77C2A02EF40E1F005AEAE8 /* Project object */ = {
			isa = PBXProject;
			attributes = {
				BuildIndependentTargetsInParallel = 1;
				LastSwiftUpdateCheck = 2610;
				LastUpgradeCheck = 2610;
				TargetAttributes = {
					6D77C2A72EF40E1F005AEAE8 = {
						CreatedOnToolsVersion = 26.1.1;
					};
					6D77C2B42EF40E20005AEAE8 = {
						CreatedOnToolsVersion = 26.1.1;
						TestTargetID = 6D77C2A72EF40E1F005AEAE8;
					};
					6D77C2BE2EF40E20005AEAE8 = {
						CreatedOnToolsVersion = 26.1.1;
						TestTargetID = 6D77C2A72EF40E1F005AEAE8;
					};
				};
			};
			buildConfigurationList = 6D77C2A32EF40E1F005AEAE8 /* Build configuration list for PBXProject "SwiftUI_Clean_Architecture_MVVM" */;
			developmentRegion = en;
			hasScannedForEncodings = 0;
			knownRegions = (
				en,
				Base,
			);
			mainGroup = 6D77C29F2EF40E1F005AEAE8;
			minimizedProjectReferenceProxies = 1;
			packageReferences = (
				6D77C2EE2EF41D18005AEAE8 /* XCRemoteSwiftPackageReference "Alamofire" */,
			);
			preferredProjectObjectVersion = 77;
			productRefGroup = 6D77C2A92EF40E1F005AEAE8 /* Products */;
			projectDirPath = "";
			projectRoot = "";
			targets = (
				6D77C2A72EF40E1F005AEAE8 /* SwiftUI_Clean_Architecture_MVVM */,
				6D77C2B42EF40E20005AEAE8 /* SwiftUI_Clean_Architecture_MVVMTests */,
				6D77C2BE2EF40E20005AEAE8 /* SwiftUI_Clean_Architecture_MVVMUITests */,
			);
		};
/* End PBXProject section */

/* Begin PBXResourcesBuildPhase section */
		6D77C2A62EF40E1F005AEAE8 /* Resources */ = {
			isa = PBXResourcesBuildPhase;
			buildActionMask = 2147483647;
			files = (
				6D77C2D62EF413C3005AEAE8 /* Assets.xcassets in Resources */,
			);
			runOnlyForDeploymentPostprocessing = 0;
		};
		6D77C2B32EF40E20005AEAE8 /* Resources */ = {
			isa = PBXResourcesBuildPhase;
			buildActionMask = 2147483647;
			files = (
			);
			runOnlyForDeploymentPostprocessing = 0;
		};
		6D77C2BD2EF40E20005AEAE8 /* Resources */ = {
			isa = PBXResourcesBuildPhase;
			buildActionMask = 2147483647;
			files = (
			);
			runOnlyForDeploymentPostprocessing = 0;
		};
/* End PBXResourcesBuildPhase section */

/* Begin PBXSourcesBuildPhase section */
		6D77C2A42EF40E1F005AEAE8 /* Sources */ = {
			isa = PBXSourcesBuildPhase;
			buildActionMask = 2147483647;
			files = (
				6D77C39A2EF536D8005AEAE8 /* CatFeedRequestDTO+Mapping.swift in Sources */,
				6D77C3A22EF539E4005AEAE8 /* DefaultCatFeedRepository.swift in Sources */,
				6D77C3062EF4C83F005AEAE8 /* CatPhotoRepository.swift in Sources */,
				6D77C3802EF5275C005AEAE8 /* MainView.swift in Sources */,
				6D77C30A2EF4CB57005AEAE8 /* APIEndpoints.swift in Sources */,
				6D77C3662EF50ED4005AEAE8 /* ImageDownsamplingManager.swift in Sources */,
				6D77C3112EF4D38F005AEAE8 /* CatPhotoViewModel.swift in Sources */,
				6D77C39E2EF538A5005AEAE8 /* FetchCatFeedUseCase.swift in Sources */,
				6D77C3962EF5364E005AEAE8 /* CatFeed.swift in Sources */,
				6D77C3902EF529E4005AEAE8 /* EmptyView.swift in Sources */,
				6D77C38A2EF5280A005AEAE8 /* CatFeedViewModel.swift in Sources */,
				6D77C30C2EF4CB7E005AEAE8 /* CatPhotoRequestDTO+Mapping.swift in Sources */,
				6D77C3082EF4CADD005AEAE8 /* DefaultCatPhotoRepository.swift in Sources */,
				6D77C2E42EF414CC005AEAE8 /* AppFlowCoordinator.swift in Sources */,
				6D77C3132EF4D6A1005AEAE8 /* CatPhotoView.swift in Sources */,
				6D77C3682EF51816005AEAE8 /* SkeletonView.swift in Sources */,
				6D77C2F42EF41D9B005AEAE8 /* APIClient.swift in Sources */,
				6D77C2D72EF413C3005AEAE8 /* ContentView.swift in Sources */,
				6D77C3A42EF53A60005AEAE8 /* CatFeedSceneDIContainer.swift in Sources */,
				6D77C2D82EF413C3005AEAE8 /* SwiftUI_Clean_Architecture_MVVMApp.swift in Sources */,
				6D77C3942EF52D87005AEAE8 /* MainFlowRootView.swift in Sources */,
				6D77C2F62EF4C640005AEAE8 /* CatPhoto.swift in Sources */,
				6D77C3012EF4C785005AEAE8 /* UseCase.swift in Sources */,
				6D77C38C2EF5281E005AEAE8 /* MainViewActions.swift in Sources */,
				6D77C3182EF4DCA2005AEAE8 /* CatPhotoSceneDIContainer.swift in Sources */,
				6D77C2ED2EF41C90005AEAE8 /* APIError.swift in Sources */,
				6D77C3042EF4C7B5005AEAE8 /* Cancellable.swift in Sources */,
				6D77C3922EF52C3D005AEAE8 /* MainSceneDIContainer.swift in Sources */,
				6D77C3882EF52801005AEAE8 /* CatFeedView.swift in Sources */,
				6D77C3A02EF53980005AEAE8 /* CatFeedRepository.swift in Sources */,
				6D77C37E2EF52719005AEAE8 /* MainRoute.swift in Sources */,
				6D77C30E2EF4CB87005AEAE8 /* CatPhotoResponseDTO+Mapping.swift in Sources */,
				6D77C2F22EF41D26005AEAE8 /* Endpoint.swift in Sources */,
				6D77C39C2EF536E5005AEAE8 /* CatFeedResponse+Mapping.swift in Sources */,
				6D77C2E22EF414AA005AEAE8 /* AppDIContainer.swift in Sources */,
				6D77C2FE2EF4C750005AEAE8 /* FetchCatPhotoUseCase.swift in Sources */,
				6D77C37C2EF5270F005AEAE8 /* MainFlowCoordinator.swift in Sources */,
			);
			runOnlyForDeploymentPostprocessing = 0;
		};
		6D77C2B12EF40E20005AEAE8 /* Sources */ = {
			isa = PBXSourcesBuildPhase;
			buildActionMask = 2147483647;
			files = (
			);
			runOnlyForDeploymentPostprocessing = 0;
		};
		6D77C2BB2EF40E20005AEAE8 /* Sources */ = {
			isa = PBXSourcesBuildPhase;
			buildActionMask = 2147483647;
			files = (
			);
			runOnlyForDeploymentPostprocessing = 0;
		};
/* End PBXSourcesBuildPhase section */

/* Begin PBXTargetDependency section */
		6D77C2B72EF40E20005AEAE8 /* PBXTargetDependency */ = {
			isa = PBXTargetDependency;
			target = 6D77C2A72EF40E1F005AEAE8 /* SwiftUI_Clean_Architecture_MVVM */;
			targetProxy = 6D77C2B62EF40E20005AEAE8 /* PBXContainerItemProxy */;
		};
		6D77C2C12EF40E20005AEAE8 /* PBXTargetDependency */ = {
			isa = PBXTargetDependency;
			target = 6D77C2A72EF40E1F005AEAE8 /* SwiftUI_Clean_Architecture_MVVM */;
			targetProxy = 6D77C2C02EF40E20005AEAE8 /* PBXContainerItemProxy */;
		};
/* End PBXTargetDependency section */

/* Begin XCBuildConfiguration section */
		6D77C2C72EF40E20005AEAE8 /* Debug */ = {
			isa = XCBuildConfiguration;
			buildSettings = {
				ALWAYS_SEARCH_USER_PATHS = NO;
				ASSETCATALOG_COMPILER_GENERATE_SWIFT_ASSET_SYMBOL_EXTENSIONS = YES;
				CLANG_ANALYZER_NONNULL = YES;
				CLANG_ANALYZER_NUMBER_OBJECT_CONVERSION = YES_AGGRESSIVE;
				CLANG_CXX_LANGUAGE_STANDARD = "gnu++20";
				CLANG_ENABLE_MODULES = YES;
				CLANG_ENABLE_OBJC_ARC = YES;
				CLANG_ENABLE_OBJC_WEAK = YES;
				CLANG_WARN_BLOCK_CAPTURE_AUTORELEASING = YES;
				CLANG_WARN_BOOL_CONVERSION = YES;
				CLANG_WARN_COMMA = YES;
				CLANG_WARN_CONSTANT_CONVERSION = YES;
				CLANG_WARN_DEPRECATED_OBJC_IMPLEMENTATIONS = YES;
				CLANG_WARN_DIRECT_OBJC_ISA_USAGE = YES_ERROR;
				CLANG_WARN_DOCUMENTATION_COMMENTS = YES;
				CLANG_WARN_EMPTY_BODY = YES;
				CLANG_WARN_ENUM_CONVERSION = YES;
				CLANG_WARN_INFINITE_RECURSION = YES;
				CLANG_WARN_INT_CONVERSION = YES;
				CLANG_WARN_NON_LITERAL_NULL_CONVERSION = YES;
				CLANG_WARN_OBJC_IMPLICIT_RETAIN_SELF = YES;
				CLANG_WARN_OBJC_LITERAL_CONVERSION = YES;
				CLANG_WARN_OBJC_ROOT_CLASS = YES_ERROR;
				CLANG_WARN_QUOTED_INCLUDE_IN_FRAMEWORK_HEADER = YES;
				CLANG_WARN_RANGE_LOOP_ANALYSIS = YES;
				CLANG_WARN_STRICT_PROTOTYPES = YES;
				CLANG_WARN_SUSPICIOUS_MOVE = YES;
				CLANG_WARN_UNGUARDED_AVAILABILITY = YES_AGGRESSIVE;
				CLANG_WARN_UNREACHABLE_CODE = YES;
				CLANG_WARN__DUPLICATE_METHOD_MATCH = YES;
				COPY_PHASE_STRIP = NO;
				DEBUG_INFORMATION_FORMAT = dwarf;
				DEVELOPMENT_TEAM = 23SCTLK482;
				ENABLE_STRICT_OBJC_MSGSEND = YES;
				ENABLE_TESTABILITY = YES;
				ENABLE_USER_SCRIPT_SANDBOXING = YES;
				GCC_C_LANGUAGE_STANDARD = gnu17;
				GCC_DYNAMIC_NO_PIC = NO;
				GCC_NO_COMMON_BLOCKS = YES;
				GCC_OPTIMIZATION_LEVEL = 0;
				GCC_PREPROCESSOR_DEFINITIONS = (
					"DEBUG=1",
					"$(inherited)",
				);
				GCC_WARN_64_TO_32_BIT_CONVERSION = YES;
				GCC_WARN_ABOUT_RETURN_TYPE = YES_ERROR;
				GCC_WARN_UNDECLARED_SELECTOR = YES;
				GCC_WARN_UNINITIALIZED_AUTOS = YES_AGGRESSIVE;
				GCC_WARN_UNUSED_FUNCTION = YES;
				GCC_WARN_UNUSED_VARIABLE = YES;
				IPHONEOS_DEPLOYMENT_TARGET = 26.1;
				LOCALIZATION_PREFERS_STRING_CATALOGS = YES;
				MTL_ENABLE_DEBUG_INFO = INCLUDE_SOURCE;
				MTL_FAST_MATH = YES;
				ONLY_ACTIVE_ARCH = YES;
				SDKROOT = iphoneos;
				SWIFT_ACTIVE_COMPILATION_CONDITIONS = "DEBUG $(inherited)";
				SWIFT_OPTIMIZATION_LEVEL = "-Onone";
			};
			name = Debug;
		};
		6D77C2C82EF40E20005AEAE8 /* Release */ = {
			isa = XCBuildConfiguration;
			buildSettings = {
				ALWAYS_SEARCH_USER_PATHS = NO;
				ASSETCATALOG_COMPILER_GENERATE_SWIFT_ASSET_SYMBOL_EXTENSIONS = YES;
				CLANG_ANALYZER_NONNULL = YES;
				CLANG_ANALYZER_NUMBER_OBJECT_CONVERSION = YES_AGGRESSIVE;
				CLANG_CXX_LANGUAGE_STANDARD = "gnu++20";
				CLANG_ENABLE_MODULES = YES;
				CLANG_ENABLE_OBJC_ARC = YES;
				CLANG_ENABLE_OBJC_WEAK = YES;
				CLANG_WARN_BLOCK_CAPTURE_AUTORELEASING = YES;
				CLANG_WARN_BOOL_CONVERSION = YES;
				CLANG_WARN_COMMA = YES;
				CLANG_WARN_CONSTANT_CONVERSION = YES;
				CLANG_WARN_DEPRECATED_OBJC_IMPLEMENTATIONS = YES;
				CLANG_WARN_DIRECT_OBJC_ISA_USAGE = YES_ERROR;
				CLANG_WARN_DOCUMENTATION_COMMENTS = YES;
				CLANG_WARN_EMPTY_BODY = YES;
				CLANG_WARN_ENUM_CONVERSION = YES;
				CLANG_WARN_INFINITE_RECURSION = YES;
				CLANG_WARN_INT_CONVERSION = YES;
				CLANG_WARN_NON_LITERAL_NULL_CONVERSION = YES;
				CLANG_WARN_OBJC_IMPLICIT_RETAIN_SELF = YES;
				CLANG_WARN_OBJC_LITERAL_CONVERSION = YES;
				CLANG_WARN_OBJC_ROOT_CLASS = YES_ERROR;
				CLANG_WARN_QUOTED_INCLUDE_IN_FRAMEWORK_HEADER = YES;
				CLANG_WARN_RANGE_LOOP_ANALYSIS = YES;
				CLANG_WARN_STRICT_PROTOTYPES = YES;
				CLANG_WARN_SUSPICIOUS_MOVE = YES;
				CLANG_WARN_UNGUARDED_AVAILABILITY = YES_AGGRESSIVE;
				CLANG_WARN_UNREACHABLE_CODE = YES;
				CLANG_WARN__DUPLICATE_METHOD_MATCH = YES;
				COPY_PHASE_STRIP = NO;
				DEBUG_INFORMATION_FORMAT = "dwarf-with-dsym";
				DEVELOPMENT_TEAM = 23SCTLK482;
				ENABLE_NS_ASSERTIONS = NO;
				ENABLE_STRICT_OBJC_MSGSEND = YES;
				ENABLE_USER_SCRIPT_SANDBOXING = YES;
				GCC_C_LANGUAGE_STANDARD = gnu17;
				GCC_NO_COMMON_BLOCKS = YES;
				GCC_WARN_64_TO_32_BIT_CONVERSION = YES;
				GCC_WARN_ABOUT_RETURN_TYPE = YES_ERROR;
				GCC_WARN_UNDECLARED_SELECTOR = YES;
				GCC_WARN_UNINITIALIZED_AUTOS = YES_AGGRESSIVE;
				GCC_WARN_UNUSED_FUNCTION = YES;
				GCC_WARN_UNUSED_VARIABLE = YES;
				IPHONEOS_DEPLOYMENT_TARGET = 26.1;
				LOCALIZATION_PREFERS_STRING_CATALOGS = YES;
				MTL_ENABLE_DEBUG_INFO = NO;
				MTL_FAST_MATH = YES;
				SDKROOT = iphoneos;
				SWIFT_COMPILATION_MODE = wholemodule;
				VALIDATE_PRODUCT = YES;
			};
			name = Release;
		};
		6D77C2CA2EF40E20005AEAE8 /* Debug */ = {
			isa = XCBuildConfiguration;
			buildSettings = {
				ASSETCATALOG_COMPILER_APPICON_NAME = AppIcon;
				ASSETCATALOG_COMPILER_GLOBAL_ACCENT_COLOR_NAME = AccentColor;
				CODE_SIGN_STYLE = Automatic;
				CURRENT_PROJECT_VERSION = 1;
				DEVELOPMENT_TEAM = 23SCTLK482;
				ENABLE_PREVIEWS = YES;
				GENERATE_INFOPLIST_FILE = YES;
				INFOPLIST_KEY_UIApplicationSceneManifest_Generation = YES;
				INFOPLIST_KEY_UIApplicationSupportsIndirectInputEvents = YES;
				INFOPLIST_KEY_UILaunchScreen_Generation = YES;
				INFOPLIST_KEY_UISupportedInterfaceOrientations_iPad = "UIInterfaceOrientationPortrait UIInterfaceOrientationPortraitUpsideDown UIInterfaceOrientationLandscapeLeft UIInterfaceOrientationLandscapeRight";
				INFOPLIST_KEY_UISupportedInterfaceOrientations_iPhone = "UIInterfaceOrientationPortrait UIInterfaceOrientationLandscapeLeft UIInterfaceOrientationLandscapeRight";
				LD_RUNPATH_SEARCH_PATHS = (
					"$(inherited)",
					"@executable_path/Frameworks",
				);
				MARKETING_VERSION = 1.0;
				PRODUCT_BUNDLE_IDENTIFIER = "com.riu.SwiftUI-Clean-Architecture-MVVM";
				PRODUCT_NAME = "$(TARGET_NAME)";
				STRING_CATALOG_GENERATE_SYMBOLS = YES;
				SWIFT_APPROACHABLE_CONCURRENCY = YES;
				SWIFT_DEFAULT_ACTOR_ISOLATION = MainActor;
				SWIFT_EMIT_LOC_STRINGS = YES;
				SWIFT_UPCOMING_FEATURE_MEMBER_IMPORT_VISIBILITY = YES;
				SWIFT_VERSION = 5.0;
				TARGETED_DEVICE_FAMILY = "1,2";
			};
			name = Debug;
		};
		6D77C2CB2EF40E20005AEAE8 /* Release */ = {
			isa = XCBuildConfiguration;
			buildSettings = {
				ASSETCATALOG_COMPILER_APPICON_NAME = AppIcon;
				ASSETCATALOG_COMPILER_GLOBAL_ACCENT_COLOR_NAME = AccentColor;
				CODE_SIGN_STYLE = Automatic;
				CURRENT_PROJECT_VERSION = 1;
				DEVELOPMENT_TEAM = 23SCTLK482;
				ENABLE_PREVIEWS = YES;
				GENERATE_INFOPLIST_FILE = YES;
				INFOPLIST_KEY_UIApplicationSceneManifest_Generation = YES;
				INFOPLIST_KEY_UIApplicationSupportsIndirectInputEvents = YES;
				INFOPLIST_KEY_UILaunchScreen_Generation = YES;
				INFOPLIST_KEY_UISupportedInterfaceOrientations_iPad = "UIInterfaceOrientationPortrait UIInterfaceOrientationPortraitUpsideDown UIInterfaceOrientationLandscapeLeft UIInterfaceOrientationLandscapeRight";
				INFOPLIST_KEY_UISupportedInterfaceOrientations_iPhone = "UIInterfaceOrientationPortrait UIInterfaceOrientationLandscapeLeft UIInterfaceOrientationLandscapeRight";
				LD_RUNPATH_SEARCH_PATHS = (
					"$(inherited)",
					"@executable_path/Frameworks",
				);
				MARKETING_VERSION = 1.0;
				PRODUCT_BUNDLE_IDENTIFIER = "com.riu.SwiftUI-Clean-Architecture-MVVM";
				PRODUCT_NAME = "$(TARGET_NAME)";
				STRING_CATALOG_GENERATE_SYMBOLS = YES;
				SWIFT_APPROACHABLE_CONCURRENCY = YES;
				SWIFT_DEFAULT_ACTOR_ISOLATION = MainActor;
				SWIFT_EMIT_LOC_STRINGS = YES;
				SWIFT_UPCOMING_FEATURE_MEMBER_IMPORT_VISIBILITY = YES;
				SWIFT_VERSION = 5.0;
				TARGETED_DEVICE_FAMILY = "1,2";
			};
			name = Release;
		};
		6D77C2CD2EF40E20005AEAE8 /* Debug */ = {
			isa = XCBuildConfiguration;
			buildSettings = {
				BUNDLE_LOADER = "$(TEST_HOST)";
				CODE_SIGN_STYLE = Automatic;
				CURRENT_PROJECT_VERSION = 1;
				DEVELOPMENT_TEAM = 23SCTLK482;
				GENERATE_INFOPLIST_FILE = YES;
				IPHONEOS_DEPLOYMENT_TARGET = 26.1;
				MARKETING_VERSION = 1.0;
				PRODUCT_BUNDLE_IDENTIFIER = "com.riu.SwiftUI-Clean-Architecture-MVVMTests";
				PRODUCT_NAME = "$(TARGET_NAME)";
				STRING_CATALOG_GENERATE_SYMBOLS = NO;
				SWIFT_APPROACHABLE_CONCURRENCY = YES;
				SWIFT_EMIT_LOC_STRINGS = NO;
				SWIFT_UPCOMING_FEATURE_MEMBER_IMPORT_VISIBILITY = YES;
				SWIFT_VERSION = 5.0;
				TARGETED_DEVICE_FAMILY = "1,2";
				TEST_HOST = "$(BUILT_PRODUCTS_DIR)/SwiftUI_Clean_Architecture_MVVM.app/$(BUNDLE_EXECUTABLE_FOLDER_PATH)/SwiftUI_Clean_Architecture_MVVM";
			};
			name = Debug;
		};
		6D77C2CE2EF40E20005AEAE8 /* Release */ = {
			isa = XCBuildConfiguration;
			buildSettings = {
				BUNDLE_LOADER = "$(TEST_HOST)";
				CODE_SIGN_STYLE = Automatic;
				CURRENT_PROJECT_VERSION = 1;
				DEVELOPMENT_TEAM = 23SCTLK482;
				GENERATE_INFOPLIST_FILE = YES;
				IPHONEOS_DEPLOYMENT_TARGET = 26.1;
				MARKETING_VERSION = 1.0;
				PRODUCT_BUNDLE_IDENTIFIER = "com.riu.SwiftUI-Clean-Architecture-MVVMTests";
				PRODUCT_NAME = "$(TARGET_NAME)";
				STRING_CATALOG_GENERATE_SYMBOLS = NO;
				SWIFT_APPROACHABLE_CONCURRENCY = YES;
				SWIFT_EMIT_LOC_STRINGS = NO;
				SWIFT_UPCOMING_FEATURE_MEMBER_IMPORT_VISIBILITY = YES;
				SWIFT_VERSION = 5.0;
				TARGETED_DEVICE_FAMILY = "1,2";
				TEST_HOST = "$(BUILT_PRODUCTS_DIR)/SwiftUI_Clean_Architecture_MVVM.app/$(BUNDLE_EXECUTABLE_FOLDER_PATH)/SwiftUI_Clean_Architecture_MVVM";
			};
			name = Release;
		};
		6D77C2D02EF40E20005AEAE8 /* Debug */ = {
			isa = XCBuildConfiguration;
			buildSettings = {
				CODE_SIGN_STYLE = Automatic;
				CURRENT_PROJECT_VERSION = 1;
				DEVELOPMENT_TEAM = 23SCTLK482;
				GENERATE_INFOPLIST_FILE = YES;
				MARKETING_VERSION = 1.0;
				PRODUCT_BUNDLE_IDENTIFIER = "com.riu.SwiftUI-Clean-Architecture-MVVMUITests";
				PRODUCT_NAME = "$(TARGET_NAME)";
				STRING_CATALOG_GENERATE_SYMBOLS = NO;
				SWIFT_APPROACHABLE_CONCURRENCY = YES;
				SWIFT_EMIT_LOC_STRINGS = NO;
				SWIFT_UPCOMING_FEATURE_MEMBER_IMPORT_VISIBILITY = YES;
				SWIFT_VERSION = 5.0;
				TARGETED_DEVICE_FAMILY = "1,2";
				TEST_TARGET_NAME = SwiftUI_Clean_Architecture_MVVM;
			};
			name = Debug;
		};
		6D77C2D12EF40E20005AEAE8 /* Release */ = {
			isa = XCBuildConfiguration;
			buildSettings = {
				CODE_SIGN_STYLE = Automatic;
				CURRENT_PROJECT_VERSION = 1;
				DEVELOPMENT_TEAM = 23SCTLK482;
				GENERATE_INFOPLIST_FILE = YES;
				MARKETING_VERSION = 1.0;
				PRODUCT_BUNDLE_IDENTIFIER = "com.riu.SwiftUI-Clean-Architecture-MVVMUITests";
				PRODUCT_NAME = "$(TARGET_NAME)";
				STRING_CATALOG_GENERATE_SYMBOLS = NO;
				SWIFT_APPROACHABLE_CONCURRENCY = YES;
				SWIFT_EMIT_LOC_STRINGS = NO;
				SWIFT_UPCOMING_FEATURE_MEMBER_IMPORT_VISIBILITY = YES;
				SWIFT_VERSION = 5.0;
				TARGETED_DEVICE_FAMILY = "1,2";
				TEST_TARGET_NAME = SwiftUI_Clean_Architecture_MVVM;
			};
			name = Release;
		};
/* End XCBuildConfiguration section */

/* Begin XCConfigurationList section */
		6D77C2A32EF40E1F005AEAE8 /* Build configuration list for PBXProject "SwiftUI_Clean_Architecture_MVVM" */ = {
			isa = XCConfigurationList;
			buildConfigurations = (
				6D77C2C72EF40E20005AEAE8 /* Debug */,
				6D77C2C82EF40E20005AEAE8 /* Release */,
			);
			defaultConfigurationIsVisible = 0;
			defaultConfigurationName = Release;
		};
		6D77C2C92EF40E20005AEAE8 /* Build configuration list for PBXNativeTarget "SwiftUI_Clean_Architecture_MVVM" */ = {
			isa = XCConfigurationList;
			buildConfigurations = (
				6D77C2CA2EF40E20005AEAE8 /* Debug */,
				6D77C2CB2EF40E20005AEAE8 /* Release */,
			);
			defaultConfigurationIsVisible = 0;
			defaultConfigurationName = Release;
		};
		6D77C2CC2EF40E20005AEAE8 /* Build configuration list for PBXNativeTarget "SwiftUI_Clean_Architecture_MVVMTests" */ = {
			isa = XCConfigurationList;
			buildConfigurations = (
				6D77C2CD2EF40E20005AEAE8 /* Debug */,
				6D77C2CE2EF40E20005AEAE8 /* Release */,
			);
			defaultConfigurationIsVisible = 0;
			defaultConfigurationName = Release;
		};
		6D77C2CF2EF40E20005AEAE8 /* Build configuration list for PBXNativeTarget "SwiftUI_Clean_Architecture_MVVMUITests" */ = {
			isa = XCConfigurationList;
			buildConfigurations = (
				6D77C2D02EF40E20005AEAE8 /* Debug */,
				6D77C2D12EF40E20005AEAE8 /* Release */,
			);
			defaultConfigurationIsVisible = 0;
			defaultConfigurationName = Release;
		};
/* End XCConfigurationList section */

/* Begin XCRemoteSwiftPackageReference section */
		6D77C2EE2EF41D18005AEAE8 /* XCRemoteSwiftPackageReference "Alamofire" */ = {
			isa = XCRemoteSwiftPackageReference;
			repositoryURL = "https://github.com/Alamofire/Alamofire.git";
			requirement = {
				kind = upToNextMajorVersion;
				minimumVersion = 5.10.2;
			};
		};
/* End XCRemoteSwiftPackageReference section */

/* Begin XCSwiftPackageProductDependency section */
		6D77C2EF2EF41D18005AEAE8 /* Alamofire */ = {
			isa = XCSwiftPackageProductDependency;
			package = 6D77C2EE2EF41D18005AEAE8 /* XCRemoteSwiftPackageReference "Alamofire" */;
			productName = Alamofire;
		};
/* End XCSwiftPackageProductDependency section */
	};
	rootObject = 6D77C2A02EF40E1F005AEAE8 /* Project object */;
}
