// !$*UTF8*$!
{
	archiveVersion = 1;
	classes = {
	};
	objectVersion = 77;
	objects = {

/* Begin PBXContainerItemProxy section */
		6D77C2B62EF40E20005AEAE8 /* PBXContainerItemProxy */ = {
			isa = PBXContainerItemProxy;
			containerPortal = 6D77C2A02EF40E1F005AEAE8 /* Project object */;
			proxyType = 1;
			remoteGlobalIDString = 6D77C2A72EF40E1F005AEAE8;
			remoteInfo = SwiftUI_Clean_Architecture_MVVM;
		};
		6D77C2C02EF40E20005AEAE8 /* PBXContainerItemProxy */ = {
			isa = PBXContainerItemProxy;
			containerPortal = 6D77C2A02EF40E1F005AEAE8 /* Project object */;
			proxyType = 1;
			remoteGlobalIDString = 6D77C2A72EF40E1F005AEAE8;
			remoteInfo = SwiftUI_Clean_Architecture_MVVM;
		};
/* End PBXContainerItemProxy section */

/* Begin PBXFileReference section */
		6D77C2A82EF40E1F005AEAE8 /* SwiftUI_Clean_Architecture_MVVM.app */ = {isa = PBXFileReference; explicitFileType = wrapper.application; includeInIndex = 0; path = SwiftUI_Clean_Architecture_MVVM.app; sourceTree = BUILT_PRODUCTS_DIR; };
		6D77C2B52EF40E20005AEAE8 /* SwiftUI_Clean_Architecture_MVVMTests.xctest */ = {isa = PBXFileReference; explicitFileType = wrapper.cfbundle; includeInIndex = 0; path = SwiftUI_Clean_Architecture_MVVMTests.xctest; sourceTree = BUILT_PRODUCTS_DIR; };
		6D77C2BF2EF40E20005AEAE8 /* SwiftUI_Clean_Architecture_MVVMUITests.xctest */ = {isa = PBXFileReference; explicitFileType = wrapper.cfbundle; includeInIndex = 0; path = SwiftUI_Clean_Architecture_MVVMUITests.xctest; sourceTree = BUILT_PRODUCTS_DIR; };
/* End PBXFileReference section */

/* Begin PBXFileSystemSynchronizedRootGroup section */
		6D77C2AA2EF40E1F005AEAE8 /* SwiftUI_Clean_Architecture_MVVM */ = {
			isa = PBXFileSystemSynchronizedRootGroup;
			path = SwiftUI_Clean_Architecture_MVVM;
			sourceTree = "<group>";
		};
		6D77C2B82EF40E20005AEAE8 /* SwiftUI_Clean_Architecture_MVVMTests */ = {
			isa = PBXFileSystemSynchronizedRootGroup;
			path = SwiftUI_Clean_Architecture_MVVMTests;
			sourceTree = "<group>";
		};
		6D77C2C22EF40E20005AEAE8 /* SwiftUI_Clean_Architecture_MVVMUITests */ = {
			isa = PBXFileSystemSynchronizedRootGroup;
			path = SwiftUI_Clean_Architecture_MVVMUITests;
			sourceTree = "<group>";
		};
/* End PBXFileSystemSynchronizedRootGroup section */

/* Begin PBXFrameworksBuildPhase section */
		6D77C2A52EF40E1F005AEAE8 /* Frameworks */ = {
			isa = PBXFrameworksBuildPhase;
			buildActionMask = 2147483647;
			files = (
			);
			runOnlyForDeploymentPostprocessing = 0;
		};
		6D77C2B22EF40E20005AEAE8 /* Frameworks */ = {
			isa = PBXFrameworksBuildPhase;
			buildActionMask = 2147483647;
			files = (
			);
			runOnlyForDeploymentPostprocessing = 0;
		};
		6D77C2BC2EF40E20005AEAE8 /* Frameworks */ = {
			isa = PBXFrameworksBuildPhase;
			buildActionMask = 2147483647;
			files = (
			);
			runOnlyForDeploymentPostprocessing = 0;
		};
/* End PBXFrameworksBuildPhase section */

/* Begin PBXGroup section */
		6D77C29F2EF40E1F005AEAE8 = {
			isa = PBXGroup;
			children = (
				6D77C2AA2EF40E1F005AEAE8 /* SwiftUI_Clean_Architecture_MVVM */,
				6D77C2B82EF40E20005AEAE8 /* SwiftUI_Clean_Architecture_MVVMTests */,
				6D77C2C22EF40E20005AEAE8 /* SwiftUI_Clean_Architecture_MVVMUITests */,
				6D77C2A92EF40E1F005AEAE8 /* Products */,
			);
			sourceTree = "<group>";
		};
		6D77C2A92EF40E1F005AEAE8 /* Products */ = {
			isa = PBXGroup;
			children = (
				6D77C2A82EF40E1F005AEAE8 /* SwiftUI_Clean_Architecture_MVVM.app */,
				6D77C2B52EF40E20005AEAE8 /* SwiftUI_Clean_Architecture_MVVMTests.xctest */,
				6D77C2BF2EF40E20005AEAE8 /* SwiftUI_Clean_Architecture_MVVMUITests.xctest */,
			);
			name = Products;
			sourceTree = "<group>";
		};
/* End PBXGroup section */

/* Begin PBXNativeTarget section */
		6D77C2A72EF40E1F005AEAE8 /* SwiftUI_Clean_Architecture_MVVM */ = {
			isa = PBXNativeTarget;
			buildConfigurationList = 6D77C2C92EF40E20005AEAE8 /* Build configuration list for PBXNativeTarget "SwiftUI_Clean_Architecture_MVVM" */;
			buildPhases = (
				6D77C2A42EF40E1F005AEAE8 /* Sources */,
				6D77C2A52EF40E1F005AEAE8 /* Frameworks */,
				6D77C2A62EF40E1F005AEAE8 /* Resources */,
			);
			buildRules = (
			);
			dependencies = (
			);
			fileSystemSynchronizedGroups = (
				6D77C2AA2EF40E1F005AEAE8 /* SwiftUI_Clean_Architecture_MVVM */,
			);
			name = SwiftUI_Clean_Architecture_MVVM;
			packageProductDependencies = (
			);
			productName = SwiftUI_Clean_Architecture_MVVM;
			productReference = 6D77C2A82EF40E1F005AEAE8 /* SwiftUI_Clean_Architecture_MVVM.app */;
			productType = "com.apple.product-type.application";
		};
		6D77C2B42EF40E20005AEAE8 /* SwiftUI_Clean_Architecture_MVVMTests */ = {
			isa = PBXNativeTarget;
			buildConfigurationList = 6D77C2CC2EF40E20005AEAE8 /* Build configuration list for PBXNativeTarget "SwiftUI_Clean_Architecture_MVVMTests" */;
			buildPhases = (
				6D77C2B12EF40E20005AEAE8 /* Sources */,
				6D77C2B22EF40E20005AEAE8 /* Frameworks */,
				6D77C2B32EF40E20005AEAE8 /* Resources */,
			);
			buildRules = (
			);
			dependencies = (
				6D77C2B72EF40E20005AEAE8 /* PBXTargetDependency */,
			);
			fileSystemSynchronizedGroups = (
				6D77C2B82EF40E20005AEAE8 /* SwiftUI_Clean_Architecture_MVVMTests */,
			);
			name = SwiftUI_Clean_Architecture_MVVMTests;
			packageProductDependencies = (
			);
			productName = SwiftUI_Clean_Architecture_MVVMTests;
			productReference = 6D77C2B52EF40E20005AEAE8 /* SwiftUI_Clean_Architecture_MVVMTests.xctest */;
			productType = "com.apple.product-type.bundle.unit-test";
		};
		6D77C2BE2EF40E20005AEAE8 /* SwiftUI_Clean_Architecture_MVVMUITests */ = {
			isa = PBXNativeTarget;
			buildConfigurationList = 6D77C2CF2EF40E20005AEAE8 /* Build configuration list for PBXNativeTarget "SwiftUI_Clean_Architecture_MVVMUITests" */;
			buildPhases = (
				6D77C2BB2EF40E20005AEAE8 /* Sources */,
				6D77C2BC2EF40E20005AEAE8 /* Frameworks */,
				6D77C2BD2EF40E20005AEAE8 /* Resources */,
			);
			buildRules = (
			);
			dependencies = (
				6D77C2C12EF40E20005AEAE8 /* PBXTargetDependency */,
			);
			fileSystemSynchronizedGroups = (
				6D77C2C22EF40E20005AEAE8 /* SwiftUI_Clean_Architecture_MVVMUITests */,
			);
			name = SwiftUI_Clean_Architecture_MVVMUITests;
			packageProductDependencies = (
			);
			productName = SwiftUI_Clean_Architecture_MVVMUITests;
			productReference = 6D77C2BF2EF40E20005AEAE8 /* SwiftUI_Clean_Architecture_MVVMUITests.xctest */;
			productType = "com.apple.product-type.bundle.ui-testing";
		};
/* End PBXNativeTarget section */

/* Begin PBXProject section */
		6D77C2A02EF40E1F005AEAE8 /* Project object */ = {
			isa = PBXProject;
			attributes = {
				BuildIndependentTargetsInParallel = 1;
				LastSwiftUpdateCheck = 2610;
				LastUpgradeCheck = 2610;
				TargetAttributes = {
					6D77C2A72EF40E1F005AEAE8 = {
						CreatedOnToolsVersion = 26.1.1;
					};
					6D77C2B42EF40E20005AEAE8 = {
						CreatedOnToolsVersion = 26.1.1;
						TestTargetID = 6D77C2A72EF40E1F005AEAE8;
					};
					6D77C2BE2EF40E20005AEAE8 = {
						CreatedOnToolsVersion = 26.1.1;
						TestTargetID = 6D77C2A72EF40E1F005AEAE8;
					};
				};
			};
			buildConfigurationList = 6D77C2A32EF40E1F005AEAE8 /* Build configuration list for PBXProject "SwiftUI_Clean_Architecture_MVVM" */;
			developmentRegion = en;
			hasScannedForEncodings = 0;
			knownRegions = (
				en,
				Base,
			);
			mainGroup = 6D77C29F2EF40E1F005AEAE8;
			minimizedProjectReferenceProxies = 1;
			preferredProjectObjectVersion = 77;
			productRefGroup = 6D77C2A92EF40E1F005AEAE8 /* Products */;
			projectDirPath = "";
			projectRoot = "";
			targets = (
				6D77C2A72EF40E1F005AEAE8 /* SwiftUI_Clean_Architecture_MVVM */,
				6D77C2B42EF40E20005AEAE8 /* SwiftUI_Clean_Architecture_MVVMTests */,
				6D77C2BE2EF40E20005AEAE8 /* SwiftUI_Clean_Architecture_MVVMUITests */,
			);
		};
/* End PBXProject section */

/* Begin PBXResourcesBuildPhase section */
		6D77C2A62EF40E1F005AEAE8 /* Resources */ = {
			isa = PBXResourcesBuildPhase;
			buildActionMask = 2147483647;
			files = (
			);
			runOnlyForDeploymentPostprocessing = 0;
		};
		6D77C2B32EF40E20005AEAE8 /* Resources */ = {
			isa = PBXResourcesBuildPhase;
			buildActionMask = 2147483647;
			files = (
			);
			runOnlyForDeploymentPostprocessing = 0;
		};
		6D77C2BD2EF40E20005AEAE8 /* Resources */ = {
			isa = PBXResourcesBuildPhase;
			buildActionMask = 2147483647;
			files = (
			);
			runOnlyForDeploymentPostprocessing = 0;
		};
/* End PBXResourcesBuildPhase section */

/* Begin PBXSourcesBuildPhase section */
		6D77C2A42EF40E1F005AEAE8 /* Sources */ = {
			isa = PBXSourcesBuildPhase;
			buildActionMask = 2147483647;
			files = (
			);
			runOnlyForDeploymentPostprocessing = 0;
		};
		6D77C2B12EF40E20005AEAE8 /* Sources */ = {
			isa = PBXSourcesBuildPhase;
			buildActionMask = 2147483647;
			files = (
			);
			runOnlyForDeploymentPostprocessing = 0;
		};
		6D77C2BB2EF40E20005AEAE8 /* Sources */ = {
			isa = PBXSourcesBuildPhase;
			buildActionMask = 2147483647;
			files = (
			);
			runOnlyForDeploymentPostprocessing = 0;
		};
/* End PBXSourcesBuildPhase section */

/* Begin PBXTargetDependency section */
		6D77C2B72EF40E20005AEAE8 /* PBXTargetDependency */ = {
			isa = PBXTargetDependency;
			target = 6D77C2A72EF40E1F005AEAE8 /* SwiftUI_Clean_Architecture_MVVM */;
			targetProxy = 6D77C2B62EF40E20005AEAE8 /* PBXContainerItemProxy */;
		};
		6D77C2C12EF40E20005AEAE8 /* PBXTargetDependency */ = {
			isa = PBXTargetDependency;
			target = 6D77C2A72EF40E1F005AEAE8 /* SwiftUI_Clean_Architecture_MVVM */;
			targetProxy = 6D77C2C02EF40E20005AEAE8 /* PBXContainerItemProxy */;
		};
/* End PBXTargetDependency section */

/* Begin XCBuildConfiguration section */
		6D77C2C72EF40E20005AEAE8 /* Debug */ = {
			isa = XCBuildConfiguration;
			buildSettings = {
				ALWAYS_SEARCH_USER_PATHS = NO;
				ASSETCATALOG_COMPILER_GENERATE_SWIFT_ASSET_SYMBOL_EXTENSIONS = YES;
				CLANG_ANALYZER_NONNULL = YES;
				CLANG_ANALYZER_NUMBER_OBJECT_CONVERSION = YES_AGGRESSIVE;
				CLANG_CXX_LANGUAGE_STANDARD = "gnu++20";
				CLANG_ENABLE_MODULES = YES;
				CLANG_ENABLE_OBJC_ARC = YES;
				CLANG_ENABLE_OBJC_WEAK = YES;
				CLANG_WARN_BLOCK_CAPTURE_AUTORELEASING = YES;
				CLANG_WARN_BOOL_CONVERSION = YES;
				CLANG_WARN_COMMA = YES;
				CLANG_WARN_CONSTANT_CONVERSION = YES;
				CLANG_WARN_DEPRECATED_OBJC_IMPLEMENTATIONS = YES;
				CLANG_WARN_DIRECT_OBJC_ISA_USAGE = YES_ERROR;
				CLANG_WARN_DOCUMENTATION_COMMENTS = YES;
				CLANG_WARN_EMPTY_BODY = YES;
				CLANG_WARN_ENUM_CONVERSION = YES;
				CLANG_WARN_INFINITE_RECURSION = YES;
				CLANG_WARN_INT_CONVERSION = YES;
				CLANG_WARN_NON_LITERAL_NULL_CONVERSION = YES;
				CLANG_WARN_OBJC_IMPLICIT_RETAIN_SELF = YES;
				CLANG_WARN_OBJC_LITERAL_CONVERSION = YES;
				CLANG_WARN_OBJC_ROOT_CLASS = YES_ERROR;
				CLANG_WARN_QUOTED_INCLUDE_IN_FRAMEWORK_HEADER = YES;
				CLANG_WARN_RANGE_LOOP_ANALYSIS = YES;
				CLANG_WARN_STRICT_PROTOTYPES = YES;
				CLANG_WARN_SUSPICIOUS_MOVE = YES;
				CLANG_WARN_UNGUARDED_AVAILABILITY = YES_AGGRESSIVE;
				CLANG_WARN_UNREACHABLE_CODE = YES;
				CLANG_WARN__DUPLICATE_METHOD_MATCH = YES;
				COPY_PHASE_STRIP = NO;
				DEBUG_INFORMATION_FORMAT = dwarf;
				DEVELOPMENT_TEAM = 23SCTLK482;
				ENABLE_STRICT_OBJC_MSGSEND = YES;
				ENABLE_TESTABILITY = YES;
				ENABLE_USER_SCRIPT_SANDBOXING = YES;
				GCC_C_LANGUAGE_STANDARD = gnu17;
				GCC_DYNAMIC_NO_PIC = NO;
				GCC_NO_COMMON_BLOCKS = YES;
				GCC_OPTIMIZATION_LEVEL = 0;
				GCC_PREPROCESSOR_DEFINITIONS = (
					"DEBUG=1",
					"$(inherited)",
				);
				GCC_WARN_64_TO_32_BIT_CONVERSION = YES;
				GCC_WARN_ABOUT_RETURN_TYPE = YES_ERROR;
				GCC_WARN_UNDECLARED_SELECTOR = YES;
				GCC_WARN_UNINITIALIZED_AUTOS = YES_AGGRESSIVE;
				GCC_WARN_UNUSED_FUNCTION = YES;
				GCC_WARN_UNUSED_VARIABLE = YES;
				IPHONEOS_DEPLOYMENT_TARGET = 26.1;
				LOCALIZATION_PREFERS_STRING_CATALOGS = YES;
				MTL_ENABLE_DEBUG_INFO = INCLUDE_SOURCE;
				MTL_FAST_MATH = YES;
				ONLY_ACTIVE_ARCH = YES;
				SDKROOT = iphoneos;
				SWIFT_ACTIVE_COMPILATION_CONDITIONS = "DEBUG $(inherited)";
				SWIFT_OPTIMIZATION_LEVEL = "-Onone";
			};
			name = Debug;
		};
		6D77C2C82EF40E20005AEAE8 /* Release */ = {
			isa = XCBuildConfiguration;
			buildSettings = {
				ALWAYS_SEARCH_USER_PATHS = NO;
				ASSETCATALOG_COMPILER_GENERATE_SWIFT_ASSET_SYMBOL_EXTENSIONS = YES;
				CLANG_ANALYZER_NONNULL = YES;
				CLANG_ANALYZER_NUMBER_OBJECT_CONVERSION = YES_AGGRESSIVE;
				CLANG_CXX_LANGUAGE_STANDARD = "gnu++20";
				CLANG_ENABLE_MODULES = YES;
				CLANG_ENABLE_OBJC_ARC = YES;
				CLANG_ENABLE_OBJC_WEAK = YES;
				CLANG_WARN_BLOCK_CAPTURE_AUTORELEASING = YES;
				CLANG_WARN_BOOL_CONVERSION = YES;
				CLANG_WARN_COMMA = YES;
				CLANG_WARN_CONSTANT_CONVERSION = YES;
				CLANG_WARN_DEPRECATED_OBJC_IMPLEMENTATIONS = YES;
				CLANG_WARN_DIRECT_OBJC_ISA_USAGE = YES_ERROR;
				CLANG_WARN_DOCUMENTATION_COMMENTS = YES;
				CLANG_WARN_EMPTY_BODY = YES;
				CLANG_WARN_ENUM_CONVERSION = YES;
				CLANG_WARN_INFINITE_RECURSION = YES;
				CLANG_WARN_INT_CONVERSION = YES;
				CLANG_WARN_NON_LITERAL_NULL_CONVERSION = YES;
				CLANG_WARN_OBJC_IMPLICIT_RETAIN_SELF = YES;
				CLANG_WARN_OBJC_LITERAL_CONVERSION = YES;
				CLANG_WARN_OBJC_ROOT_CLASS = YES_ERROR;
				CLANG_WARN_QUOTED_INCLUDE_IN_FRAMEWORK_HEADER = YES;
				CLANG_WARN_RANGE_LOOP_ANALYSIS = YES;
				CLANG_WARN_STRICT_PROTOTYPES = YES;
				CLANG_WARN_SUSPICIOUS_MOVE = YES;
				CLANG_WARN_UNGUARDED_AVAILABILITY = YES_AGGRESSIVE;
				CLANG_WARN_UNREACHABLE_CODE = YES;
				CLANG_WARN__DUPLICATE_METHOD_MATCH = YES;
				COPY_PHASE_STRIP = NO;
				DEBUG_INFORMATION_FORMAT = "dwarf-with-dsym";
				DEVELOPMENT_TEAM = 23SCTLK482;
				ENABLE_NS_ASSERTIONS = NO;
				ENABLE_STRICT_OBJC_MSGSEND = YES;
				ENABLE_USER_SCRIPT_SANDBOXING = YES;
				GCC_C_LANGUAGE_STANDARD = gnu17;
				GCC_NO_COMMON_BLOCKS = YES;
				GCC_WARN_64_TO_32_BIT_CONVERSION = YES;
				GCC_WARN_ABOUT_RETURN_TYPE = YES_ERROR;
				GCC_WARN_UNDECLARED_SELECTOR = YES;
				GCC_WARN_UNINITIALIZED_AUTOS = YES_AGGRESSIVE;
				GCC_WARN_UNUSED_FUNCTION = YES;
				GCC_WARN_UNUSED_VARIABLE = YES;
				IPHONEOS_DEPLOYMENT_TARGET = 26.1;
				LOCALIZATION_PREFERS_STRING_CATALOGS = YES;
				MTL_ENABLE_DEBUG_INFO = NO;
				MTL_FAST_MATH = YES;
				SDKROOT = iphoneos;
				SWIFT_COMPILATION_MODE = wholemodule;
				VALIDATE_PRODUCT = YES;
			};
			name = Release;
		};
		6D77C2CA2EF40E20005AEAE8 /* Debug */ = {
			isa = XCBuildConfiguration;
			buildSettings = {
				ASSETCATALOG_COMPILER_APPICON_NAME = AppIcon;
				ASSETCATALOG_COMPILER_GLOBAL_ACCENT_COLOR_NAME = AccentColor;
				CODE_SIGN_STYLE = Automatic;
				CURRENT_PROJECT_VERSION = 1;
				DEVELOPMENT_TEAM = 23SCTLK482;
				ENABLE_PREVIEWS = YES;
				GENERATE_INFOPLIST_FILE = YES;
				INFOPLIST_KEY_UIApplicationSceneManifest_Generation = YES;
				INFOPLIST_KEY_UIApplicationSupportsIndirectInputEvents = YES;
				INFOPLIST_KEY_UILaunchScreen_Generation = YES;
				INFOPLIST_KEY_UISupportedInterfaceOrientations_iPad = "UIInterfaceOrientationPortrait UIInterfaceOrientationPortraitUpsideDown UIInterfaceOrientationLandscapeLeft UIInterfaceOrientationLandscapeRight";
				INFOPLIST_KEY_UISupportedInterfaceOrientations_iPhone = "UIInterfaceOrientationPortrait UIInterfaceOrientationLandscapeLeft UIInterfaceOrientationLandscapeRight";
				LD_RUNPATH_SEARCH_PATHS = (
					"$(inherited)",
					"@executable_path/Frameworks",
				);
				MARKETING_VERSION = 1.0;
				PRODUCT_BUNDLE_IDENTIFIER = "com.riu.SwiftUI-Clean-Architecture-MVVM";
				PRODUCT_NAME = "$(TARGET_NAME)";
				STRING_CATALOG_GENERATE_SYMBOLS = YES;
				SWIFT_APPROACHABLE_CONCURRENCY = YES;
				SWIFT_DEFAULT_ACTOR_ISOLATION = MainActor;
				SWIFT_EMIT_LOC_STRINGS = YES;
				SWIFT_UPCOMING_FEATURE_MEMBER_IMPORT_VISIBILITY = YES;
				SWIFT_VERSION = 5.0;
				TARGETED_DEVICE_FAMILY = "1,2";
			};
			name = Debug;
		};
		6D77C2CB2EF40E20005AEAE8 /* Release */ = {
			isa = XCBuildConfiguration;
			buildSettings = {
				ASSETCATALOG_COMPILER_APPICON_NAME = AppIcon;
				ASSETCATALOG_COMPILER_GLOBAL_ACCENT_COLOR_NAME = AccentColor;
				CODE_SIGN_STYLE = Automatic;
				CURRENT_PROJECT_VERSION = 1;
				DEVELOPMENT_TEAM = 23SCTLK482;
				ENABLE_PREVIEWS = YES;
				GENERATE_INFOPLIST_FILE = YES;
				INFOPLIST_KEY_UIApplicationSceneManifest_Generation = YES;
				INFOPLIST_KEY_UIApplicationSupportsIndirectInputEvents = YES;
				INFOPLIST_KEY_UILaunchScreen_Generation = YES;
				INFOPLIST_KEY_UISupportedInterfaceOrientations_iPad = "UIInterfaceOrientationPortrait UIInterfaceOrientationPortraitUpsideDown UIInterfaceOrientationLandscapeLeft UIInterfaceOrientationLandscapeRight";
				INFOPLIST_KEY_UISupportedInterfaceOrientations_iPhone = "UIInterfaceOrientationPortrait UIInterfaceOrientationLandscapeLeft UIInterfaceOrientationLandscapeRight";
				LD_RUNPATH_SEARCH_PATHS = (
					"$(inherited)",
					"@executable_path/Frameworks",
				);
				MARKETING_VERSION = 1.0;
				PRODUCT_BUNDLE_IDENTIFIER = "com.riu.SwiftUI-Clean-Architecture-MVVM";
				PRODUCT_NAME = "$(TARGET_NAME)";
				STRING_CATALOG_GENERATE_SYMBOLS = YES;
				SWIFT_APPROACHABLE_CONCURRENCY = YES;
				SWIFT_DEFAULT_ACTOR_ISOLATION = MainActor;
				SWIFT_EMIT_LOC_STRINGS = YES;
				SWIFT_UPCOMING_FEATURE_MEMBER_IMPORT_VISIBILITY = YES;
				SWIFT_VERSION = 5.0;
				TARGETED_DEVICE_FAMILY = "1,2";
			};
			name = Release;
		};
		6D77C2CD2EF40E20005AEAE8 /* Debug */ = {
			isa = XCBuildConfiguration;
			buildSettings = {
				BUNDLE_LOADER = "$(TEST_HOST)";
				CODE_SIGN_STYLE = Automatic;
				CURRENT_PROJECT_VERSION = 1;
				DEVELOPMENT_TEAM = 23SCTLK482;
				GENERATE_INFOPLIST_FILE = YES;
				IPHONEOS_DEPLOYMENT_TARGET = 26.1;
				MARKETING_VERSION = 1.0;
				PRODUCT_BUNDLE_IDENTIFIER = "com.riu.SwiftUI-Clean-Architecture-MVVMTests";
				PRODUCT_NAME = "$(TARGET_NAME)";
				STRING_CATALOG_GENERATE_SYMBOLS = NO;
				SWIFT_APPROACHABLE_CONCURRENCY = YES;
				SWIFT_EMIT_LOC_STRINGS = NO;
				SWIFT_UPCOMING_FEATURE_MEMBER_IMPORT_VISIBILITY = YES;
				SWIFT_VERSION = 5.0;
				TARGETED_DEVICE_FAMILY = "1,2";
				TEST_HOST = "$(BUILT_PRODUCTS_DIR)/SwiftUI_Clean_Architecture_MVVM.app/$(BUNDLE_EXECUTABLE_FOLDER_PATH)/SwiftUI_Clean_Architecture_MVVM";
			};
			name = Debug;
		};
		6D77C2CE2EF40E20005AEAE8 /* Release */ = {
			isa = XCBuildConfiguration;
			buildSettings = {
				BUNDLE_LOADER = "$(TEST_HOST)";
				CODE_SIGN_STYLE = Automatic;
				CURRENT_PROJECT_VERSION = 1;
				DEVELOPMENT_TEAM = 23SCTLK482;
				GENERATE_INFOPLIST_FILE = YES;
				IPHONEOS_DEPLOYMENT_TARGET = 26.1;
				MARKETING_VERSION = 1.0;
				PRODUCT_BUNDLE_IDENTIFIER = "com.riu.SwiftUI-Clean-Architecture-MVVMTests";
				PRODUCT_NAME = "$(TARGET_NAME)";
				STRING_CATALOG_GENERATE_SYMBOLS = NO;
				SWIFT_APPROACHABLE_CONCURRENCY = YES;
				SWIFT_EMIT_LOC_STRINGS = NO;
				SWIFT_UPCOMING_FEATURE_MEMBER_IMPORT_VISIBILITY = YES;
				SWIFT_VERSION = 5.0;
				TARGETED_DEVICE_FAMILY = "1,2";
				TEST_HOST = "$(BUILT_PRODUCTS_DIR)/SwiftUI_Clean_Architecture_MVVM.app/$(BUNDLE_EXECUTABLE_FOLDER_PATH)/SwiftUI_Clean_Architecture_MVVM";
			};
			name = Release;
		};
		6D77C2D02EF40E20005AEAE8 /* Debug */ = {
			isa = XCBuildConfiguration;
			buildSettings = {
				CODE_SIGN_STYLE = Automatic;
				CURRENT_PROJECT_VERSION = 1;
				DEVELOPMENT_TEAM = 23SCTLK482;
				GENERATE_INFOPLIST_FILE = YES;
				MARKETING_VERSION = 1.0;
				PRODUCT_BUNDLE_IDENTIFIER = "com.riu.SwiftUI-Clean-Architecture-MVVMUITests";
				PRODUCT_NAME = "$(TARGET_NAME)";
				STRING_CATALOG_GENERATE_SYMBOLS = NO;
				SWIFT_APPROACHABLE_CONCURRENCY = YES;
				SWIFT_EMIT_LOC_STRINGS = NO;
				SWIFT_UPCOMING_FEATURE_MEMBER_IMPORT_VISIBILITY = YES;
				SWIFT_VERSION = 5.0;
				TARGETED_DEVICE_FAMILY = "1,2";
				TEST_TARGET_NAME = SwiftUI_Clean_Architecture_MVVM;
			};
			name = Debug;
		};
		6D77C2D12EF40E20005AEAE8 /* Release */ = {
			isa = XCBuildConfiguration;
			buildSettings = {
				CODE_SIGN_STYLE = Automatic;
				CURRENT_PROJECT_VERSION = 1;
				DEVELOPMENT_TEAM = 23SCTLK482;
				GENERATE_INFOPLIST_FILE = YES;
				MARKETING_VERSION = 1.0;
				PRODUCT_BUNDLE_IDENTIFIER = "com.riu.SwiftUI-Clean-Architecture-MVVMUITests";
				PRODUCT_NAME = "$(TARGET_NAME)";
				STRING_CATALOG_GENERATE_SYMBOLS = NO;
				SWIFT_APPROACHABLE_CONCURRENCY = YES;
				SWIFT_EMIT_LOC_STRINGS = NO;
				SWIFT_UPCOMING_FEATURE_MEMBER_IMPORT_VISIBILITY = YES;
				SWIFT_VERSION = 5.0;
				TARGETED_DEVICE_FAMILY = "1,2";
				TEST_TARGET_NAME = SwiftUI_Clean_Architecture_MVVM;
			};
			name = Release;
		};
/* End XCBuildConfiguration section */

/* Begin XCConfigurationList section */
		6D77C2A32EF40E1F005AEAE8 /* Build configuration list for PBXProject "SwiftUI_Clean_Architecture_MVVM" */ = {
			isa = XCConfigurationList;
			buildConfigurations = (
				6D77C2C72EF40E20005AEAE8 /* Debug */,
				6D77C2C82EF40E20005AEAE8 /* Release */,
			);
			defaultConfigurationIsVisible = 0;
			defaultConfigurationName = Release;
		};
		6D77C2C92EF40E20005AEAE8 /* Build configuration list for PBXNativeTarget "SwiftUI_Clean_Architecture_MVVM" */ = {
			isa = XCConfigurationList;
			buildConfigurations = (
				6D77C2CA2EF40E20005AEAE8 /* Debug */,
				6D77C2CB2EF40E20005AEAE8 /* Release */,
			);
			defaultConfigurationIsVisible = 0;
			defaultConfigurationName = Release;
		};
		6D77C2CC2EF40E20005AEAE8 /* Build configuration list for PBXNativeTarget "SwiftUI_Clean_Architecture_MVVMTests" */ = {
			isa = XCConfigurationList;
			buildConfigurations = (
				6D77C2CD2EF40E20005AEAE8 /* Debug */,
				6D77C2CE2EF40E20005AEAE8 /* Release */,
			);
			defaultConfigurationIsVisible = 0;
			defaultConfigurationName = Release;
		};
		6D77C2CF2EF40E20005AEAE8 /* Build configuration list for PBXNativeTarget "SwiftUI_Clean_Architecture_MVVMUITests" */ = {
			isa = XCConfigurationList;
			buildConfigurations = (
				6D77C2D02EF40E20005AEAE8 /* Debug */,
				6D77C2D12EF40E20005AEAE8 /* Release */,
			);
			defaultConfigurationIsVisible = 0;
			defaultConfigurationName = Release;
		};
/* End XCConfigurationList section */
	};
	rootObject = 6D77C2A02EF40E1F005AEAE8 /* Project object */;
}
